{
  "name": "canvas",
  "version": "1.0.0",
  "lockfileVersion": 1,
  "requires": true,
  "dependencies": {
    "pdfjs-dist": {
      "version": "2.4.456",
      "resolved": "https://registry.npm.taobao.org/pdfjs-dist/download/pdfjs-dist-2.4.456.tgz",
      "integrity": "sha1-DqrSkGzahmu7OT55oOW05ovXVSA="
    }
  }
}
